
Microsoft Visual Studio Solution File, Format Version 12.00
# Visual Studio Version 17
VisualStudioVersion = 17.6.33815.320
MinimumVisualStudioVersion = 10.0.40219.1
Project("{FAE04EC0-301F-11D3-BF4B-00C04F79EFBC}") = "MidTermProjectDB", "MidTermProjectDB.csproj", "{C0E72CE1-8A8E-41EE-A820-D05C8C848DD8}"
EndProject
Project("{2150E333-8FDC-42A3-9474-1A3956D46DE8}") = "Solution Items", "Solution Items", "{B960AC09-F768-479C-AFAD-0773FC063BF0}"
EndProject
Global
	GlobalSection(SolutionConfigurationPlatforms) = preSolution
		Debug|Any CPU = Debug|Any CPU
		Release|Any CPU = Release|Any CPU
	EndGlobalSection
	GlobalSection(ProjectConfigurationPlatforms) = postSolution
		{C0E72CE1-8A8E-41EE-A820-D05C8C848DD8}.Debug|Any CPU.ActiveCfg = Debug|Any CPU
		{C0E72CE1-8A8E-41EE-A820-D05C8C848DD8}.Debug|Any CPU.Build.0 = Debug|Any CPU
		{C0E72CE1-8A8E-41EE-A820-D05C8C848DD8}.Release|Any CPU.ActiveCfg = Release|Any CPU
		{C0E72CE1-8A8E-41EE-A820-D05C8C848DD8}.Release|Any CPU.Build.0 = Release|Any CPU
	EndGlobalSection
	GlobalSection(SolutionProperties) = preSolution
		HideSolutionNode = FALSE
	EndGlobalSection
	GlobalSection(ExtensibilityGlobals) = postSolution
		SolutionGuid = {9F3C869B-970C-4824-92D2-7CB2269DE5C3}
	EndGlobalSection
EndGlobal
